
Microsoft Visual Studio Solution File, Format Version 12.00
# Visual Studio 15
VisualStudioVersion = 15.0.26124.0
MinimumVisualStudioVersion = 15.0.26124.0
Project("{2150E333-8FDC-42A3-9474-1A3956D46DE8}") = "src", "src", "{B11C0C2D-3ED0-4325-BF7D-288C914CE706}"
EndProject
Project("{FAE04EC0-301F-11D3-BF4B-00C04F79EFBC}") = "FarLink", "src\FarLink\FarLink.csproj", "{C3F20255-91CA-4CA5-A306-6A87D58610B3}"
EndProject
Project("{FAE04EC0-301F-11D3-BF4B-00C04F79EFBC}") = "FarLink.Markup", "src\FarLink.Markup\FarLink.Markup.csproj", "{6EFB41EF-6C8D-43C4-8BF5-1608CDD22F7D}"
EndProject
Project("{FAE04EC0-301F-11D3-BF4B-00C04F79EFBC}") = "FarLink.RabbitMq", "src\FarLink.RabbitMq\FarLink.RabbitMq.csproj", "{9B411DB4-F1D3-4C71-AB7D-454D0D89351C}"
EndProject
Project("{2150E333-8FDC-42A3-9474-1A3956D46DE8}") = "samples", "samples", "{06BB0EF3-F6B8-4C61-A4BF-14164C5645F8}"
EndProject
Project("{FAE04EC0-301F-11D3-BF4B-00C04F79EFBC}") = "EventProducer", "samples\EventProducer\EventProducer.csproj", "{FCB9CA18-7570-469A-AECA-74638D6D2CB1}"
EndProject
Project("{FAE04EC0-301F-11D3-BF4B-00C04F79EFBC}") = "FarLink.Json", "src\FarLink.Json\FarLink.Json.csproj", "{7C00186D-A6AA-4BA8-896D-1FAA17AA9389}"
EndProject
Project("{2150E333-8FDC-42A3-9474-1A3956D46DE8}") = "fssrc", "fssrc", "{078C2797-367D-4E88-96E5-EF327DE2C903}"
EndProject
Project("{F2A71F9B-5D33-465A-A702-920D77279786}") = "FarLink", "fssrc\FarLink\FarLink.fsproj", "{9228DA22-60DF-4545-8900-2661BE9A84A5}"
EndProject
Global
	GlobalSection(SolutionConfigurationPlatforms) = preSolution
		Debug|Any CPU = Debug|Any CPU
		Debug|x64 = Debug|x64
		Debug|x86 = Debug|x86
		Release|Any CPU = Release|Any CPU
		Release|x64 = Release|x64
		Release|x86 = Release|x86
	EndGlobalSection
	GlobalSection(SolutionProperties) = preSolution
		HideSolutionNode = FALSE
	EndGlobalSection
	GlobalSection(ProjectConfigurationPlatforms) = postSolution
		{C3F20255-91CA-4CA5-A306-6A87D58610B3}.Debug|Any CPU.ActiveCfg = Debug|Any CPU
		{C3F20255-91CA-4CA5-A306-6A87D58610B3}.Debug|Any CPU.Build.0 = Debug|Any CPU
		{C3F20255-91CA-4CA5-A306-6A87D58610B3}.Debug|x64.ActiveCfg = Debug|x64
		{C3F20255-91CA-4CA5-A306-6A87D58610B3}.Debug|x64.Build.0 = Debug|x64
		{C3F20255-91CA-4CA5-A306-6A87D58610B3}.Debug|x86.ActiveCfg = Debug|x86
		{C3F20255-91CA-4CA5-A306-6A87D58610B3}.Debug|x86.Build.0 = Debug|x86
		{C3F20255-91CA-4CA5-A306-6A87D58610B3}.Release|Any CPU.ActiveCfg = Release|Any CPU
		{C3F20255-91CA-4CA5-A306-6A87D58610B3}.Release|Any CPU.Build.0 = Release|Any CPU
		{C3F20255-91CA-4CA5-A306-6A87D58610B3}.Release|x64.ActiveCfg = Release|x64
		{C3F20255-91CA-4CA5-A306-6A87D58610B3}.Release|x64.Build.0 = Release|x64
		{C3F20255-91CA-4CA5-A306-6A87D58610B3}.Release|x86.ActiveCfg = Release|x86
		{C3F20255-91CA-4CA5-A306-6A87D58610B3}.Release|x86.Build.0 = Release|x86
		{6EFB41EF-6C8D-43C4-8BF5-1608CDD22F7D}.Debug|Any CPU.ActiveCfg = Debug|Any CPU
		{6EFB41EF-6C8D-43C4-8BF5-1608CDD22F7D}.Debug|Any CPU.Build.0 = Debug|Any CPU
		{6EFB41EF-6C8D-43C4-8BF5-1608CDD22F7D}.Debug|x64.ActiveCfg = Debug|x64
		{6EFB41EF-6C8D-43C4-8BF5-1608CDD22F7D}.Debug|x64.Build.0 = Debug|x64
		{6EFB41EF-6C8D-43C4-8BF5-1608CDD22F7D}.Debug|x86.ActiveCfg = Debug|x86
		{6EFB41EF-6C8D-43C4-8BF5-1608CDD22F7D}.Debug|x86.Build.0 = Debug|x86
		{6EFB41EF-6C8D-43C4-8BF5-1608CDD22F7D}.Release|Any CPU.ActiveCfg = Release|Any CPU
		{6EFB41EF-6C8D-43C4-8BF5-1608CDD22F7D}.Release|Any CPU.Build.0 = Release|Any CPU
		{6EFB41EF-6C8D-43C4-8BF5-1608CDD22F7D}.Release|x64.ActiveCfg = Release|x64
		{6EFB41EF-6C8D-43C4-8BF5-1608CDD22F7D}.Release|x64.Build.0 = Release|x64
		{6EFB41EF-6C8D-43C4-8BF5-1608CDD22F7D}.Release|x86.ActiveCfg = Release|x86
		{6EFB41EF-6C8D-43C4-8BF5-1608CDD22F7D}.Release|x86.Build.0 = Release|x86
		{9B411DB4-F1D3-4C71-AB7D-454D0D89351C}.Debug|Any CPU.ActiveCfg = Debug|Any CPU
		{9B411DB4-F1D3-4C71-AB7D-454D0D89351C}.Debug|Any CPU.Build.0 = Debug|Any CPU
		{9B411DB4-F1D3-4C71-AB7D-454D0D89351C}.Debug|x64.ActiveCfg = Debug|x64
		{9B411DB4-F1D3-4C71-AB7D-454D0D89351C}.Debug|x64.Build.0 = Debug|x64
		{9B411DB4-F1D3-4C71-AB7D-454D0D89351C}.Debug|x86.ActiveCfg = Debug|x86
		{9B411DB4-F1D3-4C71-AB7D-454D0D89351C}.Debug|x86.Build.0 = Debug|x86
		{9B411DB4-F1D3-4C71-AB7D-454D0D89351C}.Release|Any CPU.ActiveCfg = Release|Any CPU
		{9B411DB4-F1D3-4C71-AB7D-454D0D89351C}.Release|Any CPU.Build.0 = Release|Any CPU
		{9B411DB4-F1D3-4C71-AB7D-454D0D89351C}.Release|x64.ActiveCfg = Release|x64
		{9B411DB4-F1D3-4C71-AB7D-454D0D89351C}.Release|x64.Build.0 = Release|x64
		{9B411DB4-F1D3-4C71-AB7D-454D0D89351C}.Release|x86.ActiveCfg = Release|x86
		{9B411DB4-F1D3-4C71-AB7D-454D0D89351C}.Release|x86.Build.0 = Release|x86
		{FCB9CA18-7570-469A-AECA-74638D6D2CB1}.Debug|Any CPU.ActiveCfg = Debug|Any CPU
		{FCB9CA18-7570-469A-AECA-74638D6D2CB1}.Debug|Any CPU.Build.0 = Debug|Any CPU
		{FCB9CA18-7570-469A-AECA-74638D6D2CB1}.Debug|x64.ActiveCfg = Debug|Any CPU
		{FCB9CA18-7570-469A-AECA-74638D6D2CB1}.Debug|x64.Build.0 = Debug|Any CPU
		{FCB9CA18-7570-469A-AECA-74638D6D2CB1}.Debug|x86.ActiveCfg = Debug|Any CPU
		{FCB9CA18-7570-469A-AECA-74638D6D2CB1}.Debug|x86.Build.0 = Debug|Any CPU
		{FCB9CA18-7570-469A-AECA-74638D6D2CB1}.Release|Any CPU.ActiveCfg = Release|Any CPU
		{FCB9CA18-7570-469A-AECA-74638D6D2CB1}.Release|Any CPU.Build.0 = Release|Any CPU
		{FCB9CA18-7570-469A-AECA-74638D6D2CB1}.Release|x64.ActiveCfg = Release|Any CPU
		{FCB9CA18-7570-469A-AECA-74638D6D2CB1}.Release|x64.Build.0 = Release|Any CPU
		{FCB9CA18-7570-469A-AECA-74638D6D2CB1}.Release|x86.ActiveCfg = Release|Any CPU
		{FCB9CA18-7570-469A-AECA-74638D6D2CB1}.Release|x86.Build.0 = Release|Any CPU
		{7C00186D-A6AA-4BA8-896D-1FAA17AA9389}.Debug|Any CPU.ActiveCfg = Debug|Any CPU
		{7C00186D-A6AA-4BA8-896D-1FAA17AA9389}.Debug|Any CPU.Build.0 = Debug|Any CPU
		{7C00186D-A6AA-4BA8-896D-1FAA17AA9389}.Debug|x64.ActiveCfg = Debug|Any CPU
		{7C00186D-A6AA-4BA8-896D-1FAA17AA9389}.Debug|x64.Build.0 = Debug|Any CPU
		{7C00186D-A6AA-4BA8-896D-1FAA17AA9389}.Debug|x86.ActiveCfg = Debug|Any CPU
		{7C00186D-A6AA-4BA8-896D-1FAA17AA9389}.Debug|x86.Build.0 = Debug|Any CPU
		{7C00186D-A6AA-4BA8-896D-1FAA17AA9389}.Release|Any CPU.ActiveCfg = Release|Any CPU
		{7C00186D-A6AA-4BA8-896D-1FAA17AA9389}.Release|Any CPU.Build.0 = Release|Any CPU
		{7C00186D-A6AA-4BA8-896D-1FAA17AA9389}.Release|x64.ActiveCfg = Release|Any CPU
		{7C00186D-A6AA-4BA8-896D-1FAA17AA9389}.Release|x64.Build.0 = Release|Any CPU
		{7C00186D-A6AA-4BA8-896D-1FAA17AA9389}.Release|x86.ActiveCfg = Release|Any CPU
		{7C00186D-A6AA-4BA8-896D-1FAA17AA9389}.Release|x86.Build.0 = Release|Any CPU
		{9228DA22-60DF-4545-8900-2661BE9A84A5}.Debug|Any CPU.ActiveCfg = Debug|Any CPU
		{9228DA22-60DF-4545-8900-2661BE9A84A5}.Debug|Any CPU.Build.0 = Debug|Any CPU
		{9228DA22-60DF-4545-8900-2661BE9A84A5}.Debug|x64.ActiveCfg = Debug|Any CPU
		{9228DA22-60DF-4545-8900-2661BE9A84A5}.Debug|x64.Build.0 = Debug|Any CPU
		{9228DA22-60DF-4545-8900-2661BE9A84A5}.Debug|x86.ActiveCfg = Debug|Any CPU
		{9228DA22-60DF-4545-8900-2661BE9A84A5}.Debug|x86.Build.0 = Debug|Any CPU
		{9228DA22-60DF-4545-8900-2661BE9A84A5}.Release|Any CPU.ActiveCfg = Release|Any CPU
		{9228DA22-60DF-4545-8900-2661BE9A84A5}.Release|Any CPU.Build.0 = Release|Any CPU
		{9228DA22-60DF-4545-8900-2661BE9A84A5}.Release|x64.ActiveCfg = Release|Any CPU
		{9228DA22-60DF-4545-8900-2661BE9A84A5}.Release|x64.Build.0 = Release|Any CPU
		{9228DA22-60DF-4545-8900-2661BE9A84A5}.Release|x86.ActiveCfg = Release|Any CPU
		{9228DA22-60DF-4545-8900-2661BE9A84A5}.Release|x86.Build.0 = Release|Any CPU
	EndGlobalSection
	GlobalSection(NestedProjects) = preSolution
		{C3F20255-91CA-4CA5-A306-6A87D58610B3} = {B11C0C2D-3ED0-4325-BF7D-288C914CE706}
		{6EFB41EF-6C8D-43C4-8BF5-1608CDD22F7D} = {B11C0C2D-3ED0-4325-BF7D-288C914CE706}
		{9B411DB4-F1D3-4C71-AB7D-454D0D89351C} = {B11C0C2D-3ED0-4325-BF7D-288C914CE706}
		{FCB9CA18-7570-469A-AECA-74638D6D2CB1} = {06BB0EF3-F6B8-4C61-A4BF-14164C5645F8}
		{7C00186D-A6AA-4BA8-896D-1FAA17AA9389} = {B11C0C2D-3ED0-4325-BF7D-288C914CE706}
		{9228DA22-60DF-4545-8900-2661BE9A84A5} = {078C2797-367D-4E88-96E5-EF327DE2C903}
	EndGlobalSection
EndGlobal
